
Microsoft Visual Studio Solution File, Format Version 12.00
# Visual Studio Version 16
VisualStudioVersion = 16.0.32106.194
MinimumVisualStudioVersion = 10.0.40219.1
Project("{8BC9CEB8-8B4A-11D0-8D11-00A0C91BC942}") = "DBVisionOCR", "DBVisionOCR\AutoSplitPages.vcxproj", "{C22B1049-F1CE-44D2-B69A-3BFA1307CFA5}"
EndProject
Project("{FAE04EC0-301F-11D3-BF4B-00C04F79EFBC}") = "VisionOCRApp", "VisionOCRApp\VisionOCRApp.csproj", "{954FF913-DE35-430E-8973-0308C2603EA5}"
EndProject
Project("{54435603-DBB4-11D2-8724-00A0C9A8B90C}") = "Setup_DBVisionOCR", "Setup_DBVisionOCR\Setup_DBVisionOCR.vdproj", "{7531E128-B5EE-4716-B350-2B35C25E55DA}"
EndProject
Project("{FAE04EC0-301F-11D3-BF4B-00C04F79EFBC}") = "AIOCRApp", "AIOCRApp\AIOCRApp.csproj", "{2548FC93-61E2-411C-8AE5-84EC5B4640BF}"
EndProject
Project("{54435603-DBB4-11D2-8724-00A0C9A8B90C}") = "Setup_AIVisionOCR", "Setup_AIVisionOCR\Setup_AIVisionOCR.vdproj", "{9D3B1364-8DA8-424E-BE0D-3289D6A6C950}"
EndProject
Global
	GlobalSection(SolutionConfigurationPlatforms) = preSolution
		Debug|Any CPU = Debug|Any CPU
		Debug|x64 = Debug|x64
		Debug|x86 = Debug|x86
		Release|Any CPU = Release|Any CPU
		Release|x64 = Release|x64
		Release|x86 = Release|x86
	EndGlobalSection
	GlobalSection(ProjectConfigurationPlatforms) = postSolution
		{C22B1049-F1CE-44D2-B69A-3BFA1307CFA5}.Debug|Any CPU.ActiveCfg = Debug|Win32
		{C22B1049-F1CE-44D2-B69A-3BFA1307CFA5}.Debug|x64.ActiveCfg = Debug|x64
		{C22B1049-F1CE-44D2-B69A-3BFA1307CFA5}.Debug|x64.Build.0 = Debug|x64
		{C22B1049-F1CE-44D2-B69A-3BFA1307CFA5}.Debug|x86.ActiveCfg = Debug|Win32
		{C22B1049-F1CE-44D2-B69A-3BFA1307CFA5}.Debug|x86.Build.0 = Debug|Win32
		{C22B1049-F1CE-44D2-B69A-3BFA1307CFA5}.Release|Any CPU.ActiveCfg = Release|Win32
		{C22B1049-F1CE-44D2-B69A-3BFA1307CFA5}.Release|x64.ActiveCfg = Release|x64
		{C22B1049-F1CE-44D2-B69A-3BFA1307CFA5}.Release|x64.Build.0 = Release|x64
		{C22B1049-F1CE-44D2-B69A-3BFA1307CFA5}.Release|x86.ActiveCfg = Release|Win32
		{C22B1049-F1CE-44D2-B69A-3BFA1307CFA5}.Release|x86.Build.0 = Release|Win32
		{954FF913-DE35-430E-8973-0308C2603EA5}.Debug|Any CPU.ActiveCfg = Debug|Any CPU
		{954FF913-DE35-430E-8973-0308C2603EA5}.Debug|Any CPU.Build.0 = Debug|Any CPU
		{954FF913-DE35-430E-8973-0308C2603EA5}.Debug|x64.ActiveCfg = Debug|Any CPU
		{954FF913-DE35-430E-8973-0308C2603EA5}.Debug|x64.Build.0 = Debug|Any CPU
		{954FF913-DE35-430E-8973-0308C2603EA5}.Debug|x86.ActiveCfg = Debug|Any CPU
		{954FF913-DE35-430E-8973-0308C2603EA5}.Debug|x86.Build.0 = Debug|Any CPU
		{954FF913-DE35-430E-8973-0308C2603EA5}.Release|Any CPU.ActiveCfg = Release|Any CPU
		{954FF913-DE35-430E-8973-0308C2603EA5}.Release|Any CPU.Build.0 = Release|Any CPU
		{954FF913-DE35-430E-8973-0308C2603EA5}.Release|x64.ActiveCfg = Release|Any CPU
		{954FF913-DE35-430E-8973-0308C2603EA5}.Release|x64.Build.0 = Release|Any CPU
		{954FF913-DE35-430E-8973-0308C2603EA5}.Release|x86.ActiveCfg = Release|Any CPU
		{954FF913-DE35-430E-8973-0308C2603EA5}.Release|x86.Build.0 = Release|Any CPU
		{7531E128-B5EE-4716-B350-2B35C25E55DA}.Debug|Any CPU.ActiveCfg = Debug
		{7531E128-B5EE-4716-B350-2B35C25E55DA}.Debug|x64.ActiveCfg = Debug
		{7531E128-B5EE-4716-B350-2B35C25E55DA}.Debug|x86.ActiveCfg = Debug
		{7531E128-B5EE-4716-B350-2B35C25E55DA}.Release|Any CPU.ActiveCfg = Release
		{7531E128-B5EE-4716-B350-2B35C25E55DA}.Release|x64.ActiveCfg = Release
		{7531E128-B5EE-4716-B350-2B35C25E55DA}.Release|x86.ActiveCfg = Release
		{2548FC93-61E2-411C-8AE5-84EC5B4640BF}.Debug|Any CPU.ActiveCfg = Debug|Any CPU
		{2548FC93-61E2-411C-8AE5-84EC5B4640BF}.Debug|Any CPU.Build.0 = Debug|Any CPU
		{2548FC93-61E2-411C-8AE5-84EC5B4640BF}.Debug|x64.ActiveCfg = Debug|Any CPU
		{2548FC93-61E2-411C-8AE5-84EC5B4640BF}.Debug|x64.Build.0 = Debug|Any CPU
		{2548FC93-61E2-411C-8AE5-84EC5B4640BF}.Debug|x86.ActiveCfg = Debug|Any CPU
		{2548FC93-61E2-411C-8AE5-84EC5B4640BF}.Debug|x86.Build.0 = Debug|Any CPU
		{2548FC93-61E2-411C-8AE5-84EC5B4640BF}.Release|Any CPU.ActiveCfg = Release|Any CPU
		{2548FC93-61E2-411C-8AE5-84EC5B4640BF}.Release|Any CPU.Build.0 = Release|Any CPU
		{2548FC93-61E2-411C-8AE5-84EC5B4640BF}.Release|x64.ActiveCfg = Release|Any CPU
		{2548FC93-61E2-411C-8AE5-84EC5B4640BF}.Release|x64.Build.0 = Release|Any CPU
		{2548FC93-61E2-411C-8AE5-84EC5B4640BF}.Release|x86.ActiveCfg = Release|Any CPU
		{2548FC93-61E2-411C-8AE5-84EC5B4640BF}.Release|x86.Build.0 = Release|Any CPU
		{9D3B1364-8DA8-424E-BE0D-3289D6A6C950}.Debug|Any CPU.ActiveCfg = Debug
		{9D3B1364-8DA8-424E-BE0D-3289D6A6C950}.Debug|x64.ActiveCfg = Debug
		{9D3B1364-8DA8-424E-BE0D-3289D6A6C950}.Debug|x86.ActiveCfg = Debug
		{9D3B1364-8DA8-424E-BE0D-3289D6A6C950}.Release|Any CPU.ActiveCfg = Release
		{9D3B1364-8DA8-424E-BE0D-3289D6A6C950}.Release|x64.ActiveCfg = Release
		{9D3B1364-8DA8-424E-BE0D-3289D6A6C950}.Release|x86.ActiveCfg = Release
	EndGlobalSection
	GlobalSection(SolutionProperties) = preSolution
		HideSolutionNode = FALSE
	EndGlobalSection
	GlobalSection(ExtensibilityGlobals) = postSolution
		SolutionGuid = {52D0A159-D011-4EB2-8E48-B89C75C6E1EA}
	EndGlobalSection
EndGlobal
